
Microsoft Visual Studio Solution File, Format Version 12.00
# Visual Studio Version 16
VisualStudioVersion = 16.0.30413.136
MinimumVisualStudioVersion = 10.0.40219.1
Project("{FAE04EC0-301F-11D3-BF4B-00C04F79EFBC}") = "NepalPayment", "NepalPayment\NepalPayment.csproj", "{00EFBBF6-D8C6-4E8B-AA88-EEAE2B95CBEF}"
EndProject
Global
	GlobalSection(SolutionConfigurationPlatforms) = preSolution
		Debug|Any CPU = Debug|Any CPU
		Release|Any CPU = Release|Any CPU
	EndGlobalSection
	GlobalSection(ProjectConfigurationPlatforms) = postSolution
		{00EFBBF6-D8C6-4E8B-AA88-EEAE2B95CBEF}.Debug|Any CPU.ActiveCfg = Debug|Any CPU
		{00EFBBF6-D8C6-4E8B-AA88-EEAE2B95CBEF}.Debug|Any CPU.Build.0 = Debug|Any CPU
		{00EFBBF6-D8C6-4E8B-AA88-EEAE2B95CBEF}.Release|Any CPU.ActiveCfg = Release|Any CPU
		{00EFBBF6-D8C6-4E8B-AA88-EEAE2B95CBEF}.Release|Any CPU.Build.0 = Release|Any CPU
	EndGlobalSection
	GlobalSection(SolutionProperties) = preSolution
		HideSolutionNode = FALSE
	EndGlobalSection
	GlobalSection(ExtensibilityGlobals) = postSolution
		SolutionGuid = {37B4B03D-E6E4-4A67-B10C-80CD7F63EDA7}
	EndGlobalSection
EndGlobal
